
Microsoft Visual Studio Solution File, Format Version 12.00
# Visual Studio Version 17
VisualStudioVersion = 17.1.32210.238
MinimumVisualStudioVersion = 10.0.40219.1
Project("{9A19103F-16F7-4668-BE54-9A1E7A4F7556}") = "TradingConsole", "TradingConsole\TradingConsole.csproj", "{D9B73324-0AD9-4395-9152-200FCF5F29CB}"
EndProject
Project("{2150E333-8FDC-42A3-9474-1A3956D46DE8}") = "Solution Items", "Solution Items", "{56DDC8A0-ED45-4B0D-BC0D-5B8B4EE2A22F}"
	ProjectSection(SolutionItems) = preProject
		.editorconfig = .editorconfig
		Directory.Build.props = Directory.Build.props
	EndProjectSection
EndProject
Project("{9A19103F-16F7-4668-BE54-9A1E7A4F7556}") = "TradingConsole.Tests", "TC_Tests\TradingConsole.Tests.csproj", "{EEDE1C6B-B7C5-40E5-9AB1-B9F39ADD3BB3}"
EndProject
Project("{9A19103F-16F7-4668-BE54-9A1E7A4F7556}") = "TradingSystem", "TradingSystem\TradingSystem.csproj", "{28CC78D8-F5ED-4785-AB1F-7F5D0E2FEBAB}"
EndProject
Project("{9A19103F-16F7-4668-BE54-9A1E7A4F7556}") = "FinancialStructures", "FinancialStructures\src\FinancialStructures\FinancialStructures.csproj", "{780A1A86-BAFF-4840-A6B1-6E28CD508AF3}"
EndProject
Project("{9A19103F-16F7-4668-BE54-9A1E7A4F7556}") = "Common.Structure", "FinancialStructures\Common\src\Common.Structure\Common.Structure.csproj", "{22BEF8BB-0C66-4E25-9CEA-5F0F35B434C2}"
EndProject
Project("{9A19103F-16F7-4668-BE54-9A1E7A4F7556}") = "Common.Console", "FinancialStructures\Common\src\Common.Console\Common.Console.csproj", "{2A4968F6-F545-4439-A698-D1CD2E9874E3}"
EndProject
Project("{FAE04EC0-301F-11D3-BF4B-00C04F79EFBC}") = "FinancialStructures.Stocks", "FinancialStructures\src\FinancialStructures.Stocks\FinancialStructures.Stocks.csproj", "{1EEDD44D-1DBB-4FCE-80A3-A2ACECF59BDE}"
EndProject
Project("{FAE04EC0-301F-11D3-BF4B-00C04F79EFBC}") = "TradingStructures.Common", "TradingStructures.Common\TradingStructures.Common.csproj", "{DBD85914-E464-4FAF-997B-00B4EBC5F34E}"
EndProject
Project("{FAE04EC0-301F-11D3-BF4B-00C04F79EFBC}") = "TradingStructures.Exchanges", "TradingStructures.Exchanges\TradingStructures.Exchanges.csproj", "{5B5E4FF5-2C2A-4A65-B0D3-D808C1F4D25A}"
EndProject
Project("{FAE04EC0-301F-11D3-BF4B-00C04F79EFBC}") = "TradingStructures.Pricing", "TradingStructures.Pricing\TradingStructures.Pricing.csproj", "{55EBC5A4-0F17-4633-AC9E-77BA49C36000}"
EndProject
Project("{FAE04EC0-301F-11D3-BF4B-00C04F79EFBC}") = "TradingStructures.ExecutionStrategies", "TradingStructures.ExecutionStrategies\TradingStructures.ExecutionStrategies.csproj", "{A058E278-4CC8-4494-95ED-1DD449C15FB0}"
EndProject
Global
	GlobalSection(SolutionConfigurationPlatforms) = preSolution
		Debug|x64 = Debug|x64
		Release|x64 = Release|x64
	EndGlobalSection
	GlobalSection(ProjectConfigurationPlatforms) = postSolution
		{D9B73324-0AD9-4395-9152-200FCF5F29CB}.Debug|x64.ActiveCfg = Debug|x64
		{D9B73324-0AD9-4395-9152-200FCF5F29CB}.Debug|x64.Build.0 = Debug|x64
		{D9B73324-0AD9-4395-9152-200FCF5F29CB}.Release|x64.ActiveCfg = Release|x64
		{D9B73324-0AD9-4395-9152-200FCF5F29CB}.Release|x64.Build.0 = Release|x64
		{EEDE1C6B-B7C5-40E5-9AB1-B9F39ADD3BB3}.Debug|x64.ActiveCfg = Debug|x64
		{EEDE1C6B-B7C5-40E5-9AB1-B9F39ADD3BB3}.Debug|x64.Build.0 = Debug|x64
		{EEDE1C6B-B7C5-40E5-9AB1-B9F39ADD3BB3}.Release|x64.ActiveCfg = Release|x64
		{EEDE1C6B-B7C5-40E5-9AB1-B9F39ADD3BB3}.Release|x64.Build.0 = Release|x64
		{28CC78D8-F5ED-4785-AB1F-7F5D0E2FEBAB}.Debug|x64.ActiveCfg = Debug|x64
		{28CC78D8-F5ED-4785-AB1F-7F5D0E2FEBAB}.Debug|x64.Build.0 = Debug|x64
		{28CC78D8-F5ED-4785-AB1F-7F5D0E2FEBAB}.Release|x64.ActiveCfg = Release|x64
		{28CC78D8-F5ED-4785-AB1F-7F5D0E2FEBAB}.Release|x64.Build.0 = Release|x64
		{780A1A86-BAFF-4840-A6B1-6E28CD508AF3}.Debug|x64.ActiveCfg = Debug|x64
		{780A1A86-BAFF-4840-A6B1-6E28CD508AF3}.Debug|x64.Build.0 = Debug|x64
		{780A1A86-BAFF-4840-A6B1-6E28CD508AF3}.Release|x64.ActiveCfg = Release|x64
		{780A1A86-BAFF-4840-A6B1-6E28CD508AF3}.Release|x64.Build.0 = Release|x64
		{22BEF8BB-0C66-4E25-9CEA-5F0F35B434C2}.Debug|x64.ActiveCfg = Debug|x64
		{22BEF8BB-0C66-4E25-9CEA-5F0F35B434C2}.Debug|x64.Build.0 = Debug|x64
		{22BEF8BB-0C66-4E25-9CEA-5F0F35B434C2}.Release|x64.ActiveCfg = Release|x64
		{22BEF8BB-0C66-4E25-9CEA-5F0F35B434C2}.Release|x64.Build.0 = Release|x64
		{2A4968F6-F545-4439-A698-D1CD2E9874E3}.Debug|x64.ActiveCfg = Debug|x64
		{2A4968F6-F545-4439-A698-D1CD2E9874E3}.Debug|x64.Build.0 = Debug|x64
		{2A4968F6-F545-4439-A698-D1CD2E9874E3}.Release|x64.ActiveCfg = Release|x64
		{2A4968F6-F545-4439-A698-D1CD2E9874E3}.Release|x64.Build.0 = Release|x64
		{1EEDD44D-1DBB-4FCE-80A3-A2ACECF59BDE}.Debug|x64.ActiveCfg = Debug|x64
		{1EEDD44D-1DBB-4FCE-80A3-A2ACECF59BDE}.Debug|x64.Build.0 = Debug|x64
		{1EEDD44D-1DBB-4FCE-80A3-A2ACECF59BDE}.Release|x64.ActiveCfg = Release|x64
		{1EEDD44D-1DBB-4FCE-80A3-A2ACECF59BDE}.Release|x64.Build.0 = Release|x64
		{DBD85914-E464-4FAF-997B-00B4EBC5F34E}.Debug|x64.ActiveCfg = Debug|x64
		{DBD85914-E464-4FAF-997B-00B4EBC5F34E}.Debug|x64.Build.0 = Debug|x64
		{DBD85914-E464-4FAF-997B-00B4EBC5F34E}.Release|x64.ActiveCfg = Release|x64
		{DBD85914-E464-4FAF-997B-00B4EBC5F34E}.Release|x64.Build.0 = Release|x64
		{5B5E4FF5-2C2A-4A65-B0D3-D808C1F4D25A}.Debug|x64.ActiveCfg = Debug|x64
		{5B5E4FF5-2C2A-4A65-B0D3-D808C1F4D25A}.Debug|x64.Build.0 = Debug|x64
		{5B5E4FF5-2C2A-4A65-B0D3-D808C1F4D25A}.Release|x64.ActiveCfg = Release|x64
		{5B5E4FF5-2C2A-4A65-B0D3-D808C1F4D25A}.Release|x64.Build.0 = Release|x64
		{55EBC5A4-0F17-4633-AC9E-77BA49C36000}.Debug|x64.ActiveCfg = Debug|x64
		{55EBC5A4-0F17-4633-AC9E-77BA49C36000}.Debug|x64.Build.0 = Debug|x64
		{55EBC5A4-0F17-4633-AC9E-77BA49C36000}.Release|x64.ActiveCfg = Release|x64
		{55EBC5A4-0F17-4633-AC9E-77BA49C36000}.Release|x64.Build.0 = Release|x64
		{A058E278-4CC8-4494-95ED-1DD449C15FB0}.Debug|x64.ActiveCfg = Debug|x64
		{A058E278-4CC8-4494-95ED-1DD449C15FB0}.Debug|x64.Build.0 = Debug|x64
		{A058E278-4CC8-4494-95ED-1DD449C15FB0}.Release|x64.ActiveCfg = Release|x64
		{A058E278-4CC8-4494-95ED-1DD449C15FB0}.Release|x64.Build.0 = Release|x64
	EndGlobalSection
	GlobalSection(SolutionProperties) = preSolution
		HideSolutionNode = FALSE
	EndGlobalSection
	GlobalSection(ExtensibilityGlobals) = postSolution
		SolutionGuid = {9F80B630-AFD0-4550-8D30-18500F204B0F}
	EndGlobalSection
EndGlobal
